<?xml version="1.0" encoding="utf-8"?>
<Project ToolsVersion="4.0" xmlns="http://schemas.microsoft.com/developer/msbuild/2003">
  <ItemGroup>
    <Filter Include="Source Files">
      <UniqueIdentifier>{4FC737F1-C7A5-4376-A066-2A32D752A2FF}</UniqueIdentifier>
      <Extensions>cpp;c;cc;cxx;def;odl;idl;hpj;bat;asm;asmx</Extensions>
    </Filter>
    <Filter Include="Header Files">
      <UniqueIdentifier>{93995380-89BD-4b04-88EB-625FBE52EBFB}</UniqueIdentifier>
      <Extensions>h;hh;hpp;hxx;hm;inl;inc;xsd</Extensions>
    </Filter>
    <Filter Include="Resource Files">
      <UniqueIdentifier>{67DA6AB6-F800-4c08-8B7A-83BB121AAD01}</UniqueIdentifier>
      <Extensions>rc;ico;cur;bmp;dlg;rc2;rct;bin;rgs;gif;jpg;jpeg;jpe;resx;tiff;tif;png;wav;mfcribbon-ms</Extensions>
    </Filter>
    <Filter Include="Header Files\svm">
      <UniqueIdentifier>{c376a72f-8446-4bff-8edb-e2f27a2acfb1}</UniqueIdentifier>
    </Filter>
    <Filter Include="Source Files\svm">
      <UniqueIdentifier>{2a85cb48-745a-49a1-888b-1fd336f32364}</UniqueIdentifier>
    </Filter>
  </ItemGroup>
  <ItemGroup>
    <ClCompile Include="Main.cpp">
      <Filter>Resource Files</Filter>
    </ClCompile>
    <ClCompile Include="config_parsing.cpp">
      <Filter>Source Files</Filter>
    </ClCompile>
    <ClCompile Include="video_manager.cpp">
      <Filter>Source Files</Filter>
    </ClCompile>
    <ClCompile Include="window_manager.cpp">
      <Filter>Source Files</Filter>
    </ClCompile>
    <ClCompile Include="time_measurement.cpp">
      <Filter>Source Files</Filter>
    </ClCompile>
    <ClCompile Include="util.cpp">
      <Filter>Source Files</Filter>
    </ClCompile>
    <ClCompile Include="field_model.cpp">
      <Filter>Source Files</Filter>
    </ClCompile>
    <ClCompile Include="field_background.cpp">
      <Filter>Source Files</Filter>
    </ClCompile>
    <ClCompile Include="gnuplot_i.cpp">
      <Filter>Source Files</Filter>
    </ClCompile>
    <ClCompile Include="preprocessing.cpp">
      <Filter>Source Files</Filter>
    </ClCompile>
    <ClCompile Include="field_flood.cpp">
      <Filter>Source Files</Filter>
    </ClCompile>
    <ClCompile Include="background_subtraction.cpp">
      <Filter>Source Files</Filter>
    </ClCompile>
    <ClCompile Include="field_tracking.cpp">
      <Filter>Source Files</Filter>
    </ClCompile>
    <ClCompile Include="point_mapping.cpp">
      <Filter>Source Files</Filter>
    </ClCompile>
    <ClCompile Include="player_detection.cpp">
      <Filter>Source Files</Filter>
    </ClCompile>
    <ClCompile Include="inputs.cpp">
      <Filter>Source Files</Filter>
    </ClCompile>
    <ClCompile Include="globals.cpp">
      <Filter>Source Files</Filter>
    </ClCompile>
    <ClCompile Include="player_tracking.cpp">
      <Filter>Source Files</Filter>
    </ClCompile>
    <ClCompile Include="tmp_files_write.cpp">
      <Filter>Source Files</Filter>
    </ClCompile>
    <ClCompile Include="min_edge_cover.cpp">
      <Filter>Source Files</Filter>
    </ClCompile>
    <ClCompile Include="tracks_filtering.cpp">
      <Filter>Source Files</Filter>
    </ClCompile>
    <ClCompile Include="tracks_drawing.cpp">
      <Filter>Source Files</Filter>
    </ClCompile>
    <ClCompile Include="tmp_files_read.cpp">
      <Filter>Source Files</Filter>
    </ClCompile>
    <ClCompile Include="team_modeling.cpp">
      <Filter>Source Files</Filter>
    </ClCompile>
    <ClCompile Include="svm\svm.cpp">
      <Filter>Source Files\svm</Filter>
    </ClCompile>
    <ClCompile Include="player_paths.cpp">
      <Filter>Source Files</Filter>
    </ClCompile>
    <ClCompile Include="show_paths.cpp">
      <Filter>Source Files</Filter>
    </ClCompile>
  </ItemGroup>
  <ItemGroup>
    <ClInclude Include="config_parsing.h">
      <Filter>Header Files</Filter>
    </ClInclude>
    <ClInclude Include="inputs.h">
      <Filter>Header Files</Filter>
    </ClInclude>
    <ClInclude Include="video_manager.h">
      <Filter>Header Files</Filter>
    </ClInclude>
    <ClInclude Include="window_manager.h">
      <Filter>Header Files</Filter>
    </ClInclude>
    <ClInclude Include="time_measurement.h">
      <Filter>Header Files</Filter>
    </ClInclude>
    <ClInclude Include="util.h">
      <Filter>Header Files</Filter>
    </ClInclude>
    <ClInclude Include="frame_data.h">
      <Filter>Header Files</Filter>
    </ClInclude>
    <ClInclude Include="field_model.h">
      <Filter>Header Files</Filter>
    </ClInclude>
    <ClInclude Include="globals.h">
      <Filter>Header Files</Filter>
    </ClInclude>
    <ClInclude Include="field_background.h">
      <Filter>Header Files</Filter>
    </ClInclude>
    <ClInclude Include="samc_data.h">
      <Filter>Header Files</Filter>
    </ClInclude>
    <ClInclude Include="split_and_merge_colors.h">
      <Filter>Header Files</Filter>
    </ClInclude>
    <ClInclude Include="correlation.h">
      <Filter>Header Files</Filter>
    </ClInclude>
    <ClInclude Include="gnuplot_i.hpp">
      <Filter>Header Files</Filter>
    </ClInclude>
    <ClInclude Include="preprocessing.h">
      <Filter>Header Files</Filter>
    </ClInclude>
    <ClInclude Include="field_flood.h">
      <Filter>Header Files</Filter>
    </ClInclude>
    <ClInclude Include="background_subtraction.h">
      <Filter>Header Files</Filter>
    </ClInclude>
    <ClInclude Include="field_tracking.h">
      <Filter>Header Files</Filter>
    </ClInclude>
    <ClInclude Include="point_mapping.h">
      <Filter>Header Files</Filter>
    </ClInclude>
    <ClInclude Include="player_detection.h">
      <Filter>Header Files</Filter>
    </ClInclude>
    <ClInclude Include="player_tracking.h">
      <Filter>Header Files</Filter>
    </ClInclude>
    <ClInclude Include="track.h">
      <Filter>Header Files</Filter>
    </ClInclude>
    <ClInclude Include="tmp_files_write.h">
      <Filter>Header Files</Filter>
    </ClInclude>
    <ClInclude Include="min_edge_cover.h">
      <Filter>Header Files</Filter>
    </ClInclude>
    <ClInclude Include="tracks_filtering.h">
      <Filter>Header Files</Filter>
    </ClInclude>
    <ClInclude Include="tracks_drawing.h">
      <Filter>Header Files</Filter>
    </ClInclude>
    <ClInclude Include="tmp_files_read.h">
      <Filter>Header Files</Filter>
    </ClInclude>
    <ClInclude Include="team_modeling.h">
      <Filter>Header Files</Filter>
    </ClInclude>
    <ClInclude Include="svm\svm.h">
      <Filter>Header Files\svm</Filter>
    </ClInclude>
    <ClInclude Include="player_paths.h">
      <Filter>Header Files</Filter>
    </ClInclude>
    <ClInclude Include="show_paths.h">
      <Filter>Header Files</Filter>
    </ClInclude>
  </ItemGroup>
</Project>